// !$*UTF8*$!
{
	archiveVersion = 1;
	classes = {
	};
	objectVersion = 46;
	objects = {

/* Begin PBXBuildFile section */
		378109431EF8D189005B82BB /* main.m in Sources */ = {isa = PBXBuildFile; fileRef = 378109421EF8D189005B82BB /* main.m */; };
		378109461EF8D189005B82BB /* AppDelegate.m in Sources */ = {isa = PBXBuildFile; fileRef = 378109451EF8D189005B82BB /* AppDelegate.m */; };
		378109491EF8D189005B82BB /* ViewController.m in Sources */ = {isa = PBXBuildFile; fileRef = 378109481EF8D189005B82BB /* ViewController.m */; };
		3781094C1EF8D189005B82BB /* Main.storyboard in Resources */ = {isa = PBXBuildFile; fileRef = 3781094A1EF8D189005B82BB /* Main.storyboard */; };
		3781094E1EF8D189005B82BB /* Assets.xcassets in Resources */ = {isa = PBXBuildFile; fileRef = 3781094D1EF8D189005B82BB /* Assets.xcassets */; };
		378109511EF8D189005B82BB /* LaunchScreen.storyboard in Resources */ = {isa = PBXBuildFile; fileRef = 3781094F1EF8D189005B82BB /* LaunchScreen.storyboard */; };
		37A01E401F18E3D700117DD1 /* fishGameUITests.m in Sources */ = {isa = PBXBuildFile; fileRef = 37A01E3F1F18E3D700117DD1 /* fishGameUITests.m */; };
		37C201DA1F1CCC8E00DAFC0D /* BulletView.m in Sources */ = {isa = PBXBuildFile; fileRef = 37C201D41F1CCC8E00DAFC0D /* BulletView.m */; };
		37C201DB1F1CCC8E00DAFC0D /* FishView.m in Sources */ = {isa = PBXBuildFile; fileRef = 37C201D61F1CCC8E00DAFC0D /* FishView.m */; };
		37C201DC1F1CCC8E00DAFC0D /* XBFishGameView.m in Sources */ = {isa = PBXBuildFile; fileRef = 37C201D81F1CCC8E00DAFC0D /* XBFishGameView.m */; };
		37C201DD1F1CCC8E00DAFC0D /* XBFishGameView.xib in Resources */ = {isa = PBXBuildFile; fileRef = 37C201D91F1CCC8E00DAFC0D /* XBFishGameView.xib */; };
/* End PBXBuildFile section */

/* Begin PBXContainerItemProxy section */
		37A01E421F18E3D700117DD1 /* PBXContainerItemProxy */ = {
			isa = PBXContainerItemProxy;
			containerPortal = 378109361EF8D189005B82BB /* Project object */;
			proxyType = 1;
			remoteGlobalIDString = 3781093D1EF8D189005B82BB;
			remoteInfo = fishGame;
		};
/* End PBXContainerItemProxy section */

/* Begin PBXFileReference section */
		3781093E1EF8D189005B82BB /* fishGame.app */ = {isa = PBXFileReference; explicitFileType = wrapper.application; includeInIndex = 0; path = fishGame.app; sourceTree = BUILT_PRODUCTS_DIR; };
		378109421EF8D189005B82BB /* main.m */ = {isa = PBXFileReference; lastKnownFileType = sourcecode.c.objc; path = main.m; sourceTree = "<group>"; };
		378109441EF8D189005B82BB /* AppDelegate.h */ = {isa = PBXFileReference; lastKnownFileType = sourcecode.c.h; path = AppDelegate.h; sourceTree = "<group>"; };
		378109451EF8D189005B82BB /* AppDelegate.m */ = {isa = PBXFileReference; lastKnownFileType = sourcecode.c.objc; path = AppDelegate.m; sourceTree = "<group>"; };
		378109471EF8D189005B82BB /* ViewController.h */ = {isa = PBXFileReference; lastKnownFileType = sourcecode.c.h; path = ViewController.h; sourceTree = "<group>"; };
		378109481EF8D189005B82BB /* ViewController.m */ = {isa = PBXFileReference; lastKnownFileType = sourcecode.c.objc; path = ViewController.m; sourceTree = "<group>"; };
		3781094B1EF8D189005B82BB /* Base */ = {isa = PBXFileReference; lastKnownFileType = file.storyboard; name = Base; path = Base.lproj/Main.storyboard; sourceTree = "<group>"; };
		3781094D1EF8D189005B82BB /* Assets.xcassets */ = {isa = PBXFileReference; lastKnownFileType = folder.assetcatalog; path = Assets.xcassets; sourceTree = "<group>"; };
		378109501EF8D189005B82BB /* Base */ = {isa = PBXFileReference; lastKnownFileType = file.storyboard; name = Base; path = Base.lproj/LaunchScreen.storyboard; sourceTree = "<group>"; };
		378109521EF8D189005B82BB /* Info.plist */ = {isa = PBXFileReference; lastKnownFileType = text.plist.xml; path = Info.plist; sourceTree = "<group>"; };
		37A01E3D1F18E3D700117DD1 /* fishGameUITests.xctest */ = {isa = PBXFileReference; explicitFileType = wrapper.cfbundle; includeInIndex = 0; path = fishGameUITests.xctest; sourceTree = BUILT_PRODUCTS_DIR; };
		37A01E3F1F18E3D700117DD1 /* fishGameUITests.m */ = {isa = PBXFileReference; lastKnownFileType = sourcecode.c.objc; path = fishGameUITests.m; sourceTree = "<group>"; };
		37A01E411F18E3D700117DD1 /* Info.plist */ = {isa = PBXFileReference; lastKnownFileType = text.plist.xml; path = Info.plist; sourceTree = "<group>"; };
		37C201D31F1CCC8E00DAFC0D /* BulletView.h */ = {isa = PBXFileReference; fileEncoding = 4; lastKnownFileType = sourcecode.c.h; path = BulletView.h; sourceTree = "<group>"; };
		37C201D41F1CCC8E00DAFC0D /* BulletView.m */ = {isa = PBXFileReference; fileEncoding = 4; lastKnownFileType = sourcecode.c.objc; path = BulletView.m; sourceTree = "<group>"; };
		37C201D51F1CCC8E00DAFC0D /* FishView.h */ = {isa = PBXFileReference; fileEncoding = 4; lastKnownFileType = sourcecode.c.h; path = FishView.h; sourceTree = "<group>"; };
		37C201D61F1CCC8E00DAFC0D /* FishView.m */ = {isa = PBXFileReference; fileEncoding = 4; lastKnownFileType = sourcecode.c.objc; path = FishView.m; sourceTree = "<group>"; };
		37C201D71F1CCC8E00DAFC0D /* XBFishGameView.h */ = {isa = PBXFileReference; fileEncoding = 4; lastKnownFileType = sourcecode.c.h; path = XBFishGameView.h; sourceTree = "<group>"; };
		37C201D81F1CCC8E00DAFC0D /* XBFishGameView.m */ = {isa = PBXFileReference; fileEncoding = 4; lastKnownFileType = sourcecode.c.objc; path = XBFishGameView.m; sourceTree = "<group>"; };
		37C201D91F1CCC8E00DAFC0D /* XBFishGameView.xib */ = {isa = PBXFileReference; fileEncoding = 4; lastKnownFileType = file.xib; path = XBFishGameView.xib; sourceTree = "<group>"; };
/* End PBXFileReference section */

/* Begin PBXFrameworksBuildPhase section */
		3781093B1EF8D189005B82BB /* Frameworks */ = {
			isa = PBXFrameworksBuildPhase;
			buildActionMask = 2147483647;
			files = (
			);
			runOnlyForDeploymentPostprocessing = 0;
		};
		37A01E3A1F18E3D700117DD1 /* Frameworks */ = {
			isa = PBXFrameworksBuildPhase;
			buildActionMask = 2147483647;
			files = (
			);
			runOnlyForDeploymentPostprocessing = 0;
		};
/* End PBXFrameworksBuildPhase section */

/* Begin PBXGroup section */
		378109351EF8D189005B82BB = {
			isa = PBXGroup;
			children = (
				378109401EF8D189005B82BB /* fishGame */,
				37A01E3E1F18E3D700117DD1 /* fishGameUITests */,
				3781093F1EF8D189005B82BB /* Products */,
			);
			sourceTree = "<group>";
		};
		3781093F1EF8D189005B82BB /* Products */ = {
			isa = PBXGroup;
			children = (
				3781093E1EF8D189005B82BB /* fishGame.app */,
				37A01E3D1F18E3D700117DD1 /* fishGameUITests.xctest */,
			);
			name = Products;
			sourceTree = "<group>";
		};
		378109401EF8D189005B82BB /* fishGame */ = {
			isa = PBXGroup;
			children = (
				37C201D21F1CCC8E00DAFC0D /* GameClass */,
				378109441EF8D189005B82BB /* AppDelegate.h */,
				378109451EF8D189005B82BB /* AppDelegate.m */,
				378109471EF8D189005B82BB /* ViewController.h */,
				378109481EF8D189005B82BB /* ViewController.m */,
				3781094A1EF8D189005B82BB /* Main.storyboard */,
				3781094D1EF8D189005B82BB /* Assets.xcassets */,
				3781094F1EF8D189005B82BB /* LaunchScreen.storyboard */,
				378109521EF8D189005B82BB /* Info.plist */,
				378109411EF8D189005B82BB /* Supporting Files */,
			);
			path = fishGame;
			sourceTree = "<group>";
		};
		378109411EF8D189005B82BB /* Supporting Files */ = {
			isa = PBXGroup;
			children = (
				378109421EF8D189005B82BB /* main.m */,
			);
			name = "Supporting Files";
			sourceTree = "<group>";
		};
		37A01E3E1F18E3D700117DD1 /* fishGameUITests */ = {
			isa = PBXGroup;
			children = (
				37A01E3F1F18E3D700117DD1 /* fishGameUITests.m */,
				37A01E411F18E3D700117DD1 /* Info.plist */,
			);
			path = fishGameUITests;
			sourceTree = "<group>";
		};
		37C201D21F1CCC8E00DAFC0D /* GameClass */ = {
			isa = PBXGroup;
			children = (
				37C201D31F1CCC8E00DAFC0D /* BulletView.h */,
				37C201D41F1CCC8E00DAFC0D /* BulletView.m */,
				37C201D51F1CCC8E00DAFC0D /* FishView.h */,
				37C201D61F1CCC8E00DAFC0D /* FishView.m */,
				37C201D71F1CCC8E00DAFC0D /* XBFishGameView.h */,
				37C201D81F1CCC8E00DAFC0D /* XBFishGameView.m */,
				37C201D91F1CCC8E00DAFC0D /* XBFishGameView.xib */,
			);
			path = GameClass;
			sourceTree = "<group>";
		};
/* End PBXGroup section */

/* Begin PBXNativeTarget section */
		3781093D1EF8D189005B82BB /* fishGame */ = {
			isa = PBXNativeTarget;
			buildConfigurationList = 378109551EF8D189005B82BB /* Build configuration list for PBXNativeTarget "fishGame" */;
			buildPhases = (
				3781093A1EF8D189005B82BB /* Sources */,
				3781093B1EF8D189005B82BB /* Frameworks */,
				3781093C1EF8D189005B82BB /* Resources */,
			);
			buildRules = (
			);
			dependencies = (
			);
			name = fishGame;
			productName = fishGame;
			productReference = 3781093E1EF8D189005B82BB /* fishGame.app */;
			productType = "com.apple.product-type.application";
		};
		37A01E3C1F18E3D700117DD1 /* fishGameUITests */ = {
			isa = PBXNativeTarget;
			buildConfigurationList = 37A01E461F18E3D700117DD1 /* Build configuration list for PBXNativeTarget "fishGameUITests" */;
			buildPhases = (
				37A01E391F18E3D700117DD1 /* Sources */,
				37A01E3A1F18E3D700117DD1 /* Frameworks */,
				37A01E3B1F18E3D700117DD1 /* Resources */,
			);
			buildRules = (
			);
			dependencies = (
				37A01E431F18E3D700117DD1 /* PBXTargetDependency */,
			);
			name = fishGameUITests;
			productName = fishGameUITests;
			productReference = 37A01E3D1F18E3D700117DD1 /* fishGameUITests.xctest */;
			productType = "com.apple.product-type.bundle.ui-testing";
		};
/* End PBXNativeTarget section */

/* Begin PBXProject section */
		378109361EF8D189005B82BB /* Project object */ = {
			isa = PBXProject;
			attributes = {
				LastUpgradeCheck = 0830;
				ORGANIZATIONNAME = Xiu8;
				TargetAttributes = {
					3781093D1EF8D189005B82BB = {
						CreatedOnToolsVersion = 8.3.3;
						DevelopmentTeam = UVU2WXA3XV;
						ProvisioningStyle = Automatic;
					};
					37A01E3C1F18E3D700117DD1 = {
						CreatedOnToolsVersion = 8.3.3;
						ProvisioningStyle = Automatic;
						TestTargetID = 3781093D1EF8D189005B82BB;
					};
				};
			};
			buildConfigurationList = 378109391EF8D189005B82BB /* Build configuration list for PBXProject "fishGame" */;
			compatibilityVersion = "Xcode 3.2";
			developmentRegion = English;
			hasScannedForEncodings = 0;
			knownRegions = (
				en,
				Base,
			);
			mainGroup = 378109351EF8D189005B82BB;
			productRefGroup = 3781093F1EF8D189005B82BB /* Products */;
			projectDirPath = "";
			projectRoot = "";
			targets = (
				3781093D1EF8D189005B82BB /* fishGame */,
				37A01E3C1F18E3D700117DD1 /* fishGameUITests */,
			);
		};
/* End PBXProject section */

/* Begin PBXResourcesBuildPhase section */
		3781093C1EF8D189005B82BB /* Resources */ = {
			isa = PBXResourcesBuildPhase;
			buildActionMask = 2147483647;
			files = (
				37C201DD1F1CCC8E00DAFC0D /* XBFishGameView.xib in Resources */,
				378109511EF8D189005B82BB /* LaunchScreen.storyboard in Resources */,
				3781094E1EF8D189005B82BB /* Assets.xcassets in Resources */,
				3781094C1EF8D189005B82BB /* Main.storyboard in Resources */,
			);
			runOnlyForDeploymentPostprocessing = 0;
		};
		37A01E3B1F18E3D700117DD1 /* Resources */ = {
			isa = PBXResourcesBuildPhase;
			buildActionMask = 2147483647;
			files = (
			);
			runOnlyForDeploymentPostprocessing = 0;
		};
/* End PBXResourcesBuildPhase section */

/* Begin PBXSourcesBuildPhase section */
		3781093A1EF8D189005B82BB /* Sources */ = {
			isa = PBXSourcesBuildPhase;
			buildActionMask = 2147483647;
			files = (
				37C201DC1F1CCC8E00DAFC0D /* XBFishGameView.m in Sources */,
				37C201DB1F1CCC8E00DAFC0D /* FishView.m in Sources */,
				378109491EF8D189005B82BB /* ViewController.m in Sources */,
				378109461EF8D189005B82BB /* AppDelegate.m in Sources */,
				37C201DA1F1CCC8E00DAFC0D /* BulletView.m in Sources */,
				378109431EF8D189005B82BB /* main.m in Sources */,
			);
			runOnlyForDeploymentPostprocessing = 0;
		};
		37A01E391F18E3D700117DD1 /* Sources */ = {
			isa = PBXSourcesBuildPhase;
			buildActionMask = 2147483647;
			files = (
				37A01E401F18E3D700117DD1 /* fishGameUITests.m in Sources */,
			);
			runOnlyForDeploymentPostprocessing = 0;
		};
/* End PBXSourcesBuildPhase section */

/* Begin PBXTargetDependency section */
		37A01E431F18E3D700117DD1 /* PBXTargetDependency */ = {
			isa = PBXTargetDependency;
			target = 3781093D1EF8D189005B82BB /* fishGame */;
			targetProxy = 37A01E421F18E3D700117DD1 /* PBXContainerItemProxy */;
		};
/* End PBXTargetDependency section */

/* Begin PBXVariantGroup section */
		3781094A1EF8D189005B82BB /* Main.storyboard */ = {
			isa = PBXVariantGroup;
			children = (
				3781094B1EF8D189005B82BB /* Base */,
			);
			name = Main.storyboard;
			sourceTree = "<group>";
		};
		3781094F1EF8D189005B82BB /* LaunchScreen.storyboard */ = {
			isa = PBXVariantGroup;
			children = (
				378109501EF8D189005B82BB /* Base */,
			);
			name = LaunchScreen.storyboard;
			sourceTree = "<group>";
		};
/* End PBXVariantGroup section */

/* Begin XCBuildConfiguration section */
		378109531EF8D189005B82BB /* Debug */ = {
			isa = XCBuildConfiguration;
			buildSettings = {
				ALWAYS_SEARCH_USER_PATHS = NO;
				CLANG_ANALYZER_NONNULL = YES;
				CLANG_ANALYZER_NUMBER_OBJECT_CONVERSION = YES_AGGRESSIVE;
				CLANG_CXX_LANGUAGE_STANDARD = "gnu++0x";
				CLANG_CXX_LIBRARY = "libc++";
				CLANG_ENABLE_MODULES = YES;
				CLANG_ENABLE_OBJC_ARC = YES;
				CLANG_WARN_BOOL_CONVERSION = YES;
				CLANG_WARN_CONSTANT_CONVERSION = YES;
				CLANG_WARN_DIRECT_OBJC_ISA_USAGE = YES_ERROR;
				CLANG_WARN_DOCUMENTATION_COMMENTS = YES;
				CLANG_WARN_EMPTY_BODY = YES;
				CLANG_WARN_ENUM_CONVERSION = YES;
				CLANG_WARN_INFINITE_RECURSION = YES;
				CLANG_WARN_INT_CONVERSION = YES;
				CLANG_WARN_OBJC_ROOT_CLASS = YES_ERROR;
				CLANG_WARN_SUSPICIOUS_MOVE = YES;
				CLANG_WARN_UNREACHABLE_CODE = YES;
				CLANG_WARN__DUPLICATE_METHOD_MATCH = YES;
				"CODE_SIGN_IDENTITY[sdk=iphoneos*]" = "iPhone Developer";
				COPY_PHASE_STRIP = NO;
				DEBUG_INFORMATION_FORMAT = dwarf;
				ENABLE_STRICT_OBJC_MSGSEND = YES;
				ENABLE_TESTABILITY = YES;
				GCC_C_LANGUAGE_STANDARD = gnu99;
				GCC_DYNAMIC_NO_PIC = NO;
				GCC_NO_COMMON_BLOCKS = YES;
				GCC_OPTIMIZATION_LEVEL = 0;
				GCC_PREPROCESSOR_DEFINITIONS = (
					"DEBUG=1",
					"$(inherited)",
				);
				GCC_WARN_64_TO_32_BIT_CONVERSION = YES;
				GCC_WARN_ABOUT_RETURN_TYPE = YES_ERROR;
				GCC_WARN_UNDECLARED_SELECTOR = YES;
				GCC_WARN_UNINITIALIZED_AUTOS = YES_AGGRESSIVE;
				GCC_WARN_UNUSED_FUNCTION = YES;
				GCC_WARN_UNUSED_VARIABLE = YES;
				IPHONEOS_DEPLOYMENT_TARGET = 10.3;
				MTL_ENABLE_DEBUG_INFO = YES;
				ONLY_ACTIVE_ARCH = YES;
				SDKROOT = iphoneos;
			};
			name = Debug;
		};
		378109541EF8D189005B82BB /* Release */ = {
			isa = XCBuildConfiguration;
			buildSettings = {
				ALWAYS_SEARCH_USER_PATHS = NO;
				CLANG_ANALYZER_NONNULL = YES;
				CLANG_ANALYZER_NUMBER_OBJECT_CONVERSION = YES_AGGRESSIVE;
				CLANG_CXX_LANGUAGE_STANDARD = "gnu++0x";
				CLANG_CXX_LIBRARY = "libc++";
				CLANG_ENABLE_MODULES = YES;
				CLANG_ENABLE_OBJC_ARC = YES;
				CLANG_WARN_BOOL_CONVERSION = YES;
				CLANG_WARN_CONSTANT_CONVERSION = YES;
				CLANG_WARN_DIRECT_OBJC_ISA_USAGE = YES_ERROR;
				CLANG_WARN_DOCUMENTATION_COMMENTS = YES;
				CLANG_WARN_EMPTY_BODY = YES;
				CLANG_WARN_ENUM_CONVERSION = YES;
				CLANG_WARN_INFINITE_RECURSION = YES;
				CLANG_WARN_INT_CONVERSION = YES;
				CLANG_WARN_OBJC_ROOT_CLASS = YES_ERROR;
				CLANG_WARN_SUSPICIOUS_MOVE = YES;
				CLANG_WARN_UNREACHABLE_CODE = YES;
				CLANG_WARN__DUPLICATE_METHOD_MATCH = YES;
				"CODE_SIGN_IDENTITY[sdk=iphoneos*]" = "iPhone Developer";
				COPY_PHASE_STRIP = NO;
				DEBUG_INFORMATION_FORMAT = "dwarf-with-dsym";
				ENABLE_NS_ASSERTIONS = NO;
				ENABLE_STRICT_OBJC_MSGSEND = YES;
				GCC_C_LANGUAGE_STANDARD = gnu99;
				GCC_NO_COMMON_BLOCKS = YES;
				GCC_WARN_64_TO_32_BIT_CONVERSION = YES;
				GCC_WARN_ABOUT_RETURN_TYPE = YES_ERROR;
				GCC_WARN_UNDECLARED_SELECTOR = YES;
				GCC_WARN_UNINITIALIZED_AUTOS = YES_AGGRESSIVE;
				GCC_WARN_UNUSED_FUNCTION = YES;
				GCC_WARN_UNUSED_VARIABLE = YES;
				IPHONEOS_DEPLOYMENT_TARGET = 10.3;
				MTL_ENABLE_DEBUG_INFO = NO;
				SDKROOT = iphoneos;
				VALIDATE_PRODUCT = YES;
			};
			name = Release;
		};
		378109561EF8D189005B82BB /* Debug */ = {
			isa = XCBuildConfiguration;
			buildSettings = {
				ASSETCATALOG_COMPILER_APPICON_NAME = AppIcon;
				DEVELOPMENT_TEAM = UVU2WXA3XV;
				INFOPLIST_FILE = fishGame/Info.plist;
				IPHONEOS_DEPLOYMENT_TARGET = 9.2;
				LD_RUNPATH_SEARCH_PATHS = "$(inherited) @executable_path/Frameworks";
				PRODUCT_BUNDLE_IDENTIFIER = com.xiu8.fishGame;
				PRODUCT_NAME = "$(TARGET_NAME)";
			};
			name = Debug;
		};
		378109571EF8D189005B82BB /* Release */ = {
			isa = XCBuildConfiguration;
			buildSettings = {
				ASSETCATALOG_COMPILER_APPICON_NAME = AppIcon;
				DEVELOPMENT_TEAM = UVU2WXA3XV;
				INFOPLIST_FILE = fishGame/Info.plist;
				IPHONEOS_DEPLOYMENT_TARGET = 9.2;
				LD_RUNPATH_SEARCH_PATHS = "$(inherited) @executable_path/Frameworks";
				PRODUCT_BUNDLE_IDENTIFIER = com.xiu8.fishGame;
				PRODUCT_NAME = "$(TARGET_NAME)";
			};
			name = Release;
		};
		37A01E441F18E3D700117DD1 /* Debug */ = {
			isa = XCBuildConfiguration;
			buildSettings = {
				"CODE_SIGN_IDENTITY[sdk=iphoneos*]" = "iPhone Developer";
				DEVELOPMENT_TEAM = "";
				INFOPLIST_FILE = fishGameUITests/Info.plist;
				LD_RUNPATH_SEARCH_PATHS = "$(inherited) @executable_path/Frameworks @loader_path/Frameworks";
				PRODUCT_BUNDLE_IDENTIFIER = com.xiu8.fishGameUITests;
				PRODUCT_NAME = "$(TARGET_NAME)";
				PROVISIONING_PROFILE_SPECIFIER = "";
				TEST_TARGET_NAME = fishGame;
			};
			name = Debug;
		};
		37A01E451F18E3D700117DD1 /* Release */ = {
			isa = XCBuildConfiguration;
			buildSettings = {
				"CODE_SIGN_IDENTITY[sdk=iphoneos*]" = "iPhone Developer";
				DEVELOPMENT_TEAM = "";
				INFOPLIST_FILE = fishGameUITests/Info.plist;
				LD_RUNPATH_SEARCH_PATHS = "$(inherited) @executable_path/Frameworks @loader_path/Frameworks";
				PRODUCT_BUNDLE_IDENTIFIER = com.xiu8.fishGameUITests;
				PRODUCT_NAME = "$(TARGET_NAME)";
				PROVISIONING_PROFILE_SPECIFIER = "";
				TEST_TARGET_NAME = fishGame;
			};
			name = Release;
		};
/* End XCBuildConfiguration section */

/* Begin XCConfigurationList section */
		378109391EF8D189005B82BB /* Build configuration list for PBXProject "fishGame" */ = {
			isa = XCConfigurationList;
			buildConfigurations = (
				378109531EF8D189005B82BB /* Debug */,
				378109541EF8D189005B82BB /* Release */,
			);
			defaultConfigurationIsVisible = 0;
			defaultConfigurationName = Release;
		};
		378109551EF8D189005B82BB /* Build configuration list for PBXNativeTarget "fishGame" */ = {
			isa = XCConfigurationList;
			buildConfigurations = (
				378109561EF8D189005B82BB /* Debug */,
				378109571EF8D189005B82BB /* Release */,
			);
			defaultConfigurationIsVisible = 0;
			defaultConfigurationName = Release;
		};
		37A01E461F18E3D700117DD1 /* Build configuration list for PBXNativeTarget "fishGameUITests" */ = {
			isa = XCConfigurationList;
			buildConfigurations = (
				37A01E441F18E3D700117DD1 /* Debug */,
				37A01E451F18E3D700117DD1 /* Release */,
			);
			defaultConfigurationIsVisible = 0;
			defaultConfigurationName = Release;
		};
/* End XCConfigurationList section */
	};
	rootObject = 378109361EF8D189005B82BB /* Project object */;
}
